// !$*UTF8*$!
{
	archiveVersion = 1;
	classes = {
	};
	objectVersion = 50;
	objects = {

/* Begin PBXBuildFile section */
		0CDAC0033BF6DADB5AF91F23 /* Pods_RandomColorRegions.framework in Frameworks */ = {isa = PBXBuildFile; fileRef = 15285F434F5B06FFC3870BE4 /* Pods_RandomColorRegions.framework */; };
		7536A61B20CB0F6C00B32942 /* AppDelegate.swift in Sources */ = {isa = PBXBuildFile; fileRef = 7536A61A20CB0F6C00B32942 /* AppDelegate.swift */; };
		7536A61D20CB0F6C00B32942 /* DrawingViewController.swift in Sources */ = {isa = PBXBuildFile; fileRef = 7536A61C20CB0F6C00B32942 /* DrawingViewController.swift */; };
		7536A62220CB0F6F00B32942 /* Assets.xcassets in Resources */ = {isa = PBXBuildFile; fileRef = 7536A62120CB0F6F00B32942 /* Assets.xcassets */; };
		7536A62F20CB115500B32942 /* SortedArray.swift in Sources */ = {isa = PBXBuildFile; fileRef = 7536A62E20CB115500B32942 /* SortedArray.swift */; };
		7536A63120CB15B200B32942 /* DrawingView.swift in Sources */ = {isa = PBXBuildFile; fileRef = 7536A63020CB15B200B32942 /* DrawingView.swift */; };
		7536A63720CB1B6E00B32942 /* BaseViewController.swift in Sources */ = {isa = PBXBuildFile; fileRef = 7536A63620CB1B6E00B32942 /* BaseViewController.swift */; };
		7536A63B20CB298900B32942 /* UIKitExtensions.swift in Sources */ = {isa = PBXBuildFile; fileRef = 7536A63920CB298900B32942 /* UIKitExtensions.swift */; };
		7536A63D20CB29F500B32942 /* ColoredRegionsLayer.swift in Sources */ = {isa = PBXBuildFile; fileRef = 7536A63C20CB29F500B32942 /* ColoredRegionsLayer.swift */; };
		7536A63F20CB2A0C00B32942 /* LinesLayer.swift in Sources */ = {isa = PBXBuildFile; fileRef = 7536A63E20CB2A0C00B32942 /* LinesLayer.swift */; };
		7536A64120CB2A2400B32942 /* CurrentLineLayer.swift in Sources */ = {isa = PBXBuildFile; fileRef = 7536A64020CB2A2400B32942 /* CurrentLineLayer.swift */; };
		7536A64420CB2DA600B32942 /* Line.swift in Sources */ = {isa = PBXBuildFile; fileRef = 7536A64320CB2DA600B32942 /* Line.swift */; };
/* End PBXBuildFile section */

/* Begin PBXFileReference section */
		15285F434F5B06FFC3870BE4 /* Pods_RandomColorRegions.framework */ = {isa = PBXFileReference; explicitFileType = wrapper.framework; includeInIndex = 0; path = Pods_RandomColorRegions.framework; sourceTree = BUILT_PRODUCTS_DIR; };
		28BD115BBB57FE7A30F24E36 /* Pods-RandomColorRegions.debug.xcconfig */ = {isa = PBXFileReference; includeInIndex = 1; lastKnownFileType = text.xcconfig; name = "Pods-RandomColorRegions.debug.xcconfig"; path = "Pods/Target Support Files/Pods-RandomColorRegions/Pods-RandomColorRegions.debug.xcconfig"; sourceTree = "<group>"; };
		7536A61720CB0F6C00B32942 /* RandomColorRegions.app */ = {isa = PBXFileReference; explicitFileType = wrapper.application; includeInIndex = 0; path = RandomColorRegions.app; sourceTree = BUILT_PRODUCTS_DIR; };
		7536A61A20CB0F6C00B32942 /* AppDelegate.swift */ = {isa = PBXFileReference; lastKnownFileType = sourcecode.swift; path = AppDelegate.swift; sourceTree = "<group>"; };
		7536A61C20CB0F6C00B32942 /* DrawingViewController.swift */ = {isa = PBXFileReference; lastKnownFileType = sourcecode.swift; path = DrawingViewController.swift; sourceTree = "<group>"; };
		7536A62120CB0F6F00B32942 /* Assets.xcassets */ = {isa = PBXFileReference; lastKnownFileType = folder.assetcatalog; path = Assets.xcassets; sourceTree = "<group>"; };
		7536A62620CB0F6F00B32942 /* Info.plist */ = {isa = PBXFileReference; lastKnownFileType = text.plist.xml; path = Info.plist; sourceTree = "<group>"; };
		7536A62C20CB104B00B32942 /* Podfile */ = {isa = PBXFileReference; fileEncoding = 4; lastKnownFileType = text; path = Podfile; sourceTree = SOURCE_ROOT; };
		7536A62E20CB115500B32942 /* SortedArray.swift */ = {isa = PBXFileReference; fileEncoding = 4; lastKnownFileType = sourcecode.swift; path = SortedArray.swift; sourceTree = "<group>"; };
		7536A63020CB15B200B32942 /* DrawingView.swift */ = {isa = PBXFileReference; lastKnownFileType = sourcecode.swift; path = DrawingView.swift; sourceTree = "<group>"; };
		7536A63620CB1B6E00B32942 /* BaseViewController.swift */ = {isa = PBXFileReference; lastKnownFileType = sourcecode.swift; path = BaseViewController.swift; sourceTree = "<group>"; };
		7536A63A20CB298900B32942 /* Base */ = {isa = PBXFileReference; lastKnownFileType = sourcecode.swift; name = Base; path = RandomColorRegions/Base.lproj/UIKitExtensions.swift; sourceTree = SOURCE_ROOT; };
		7536A63C20CB29F500B32942 /* ColoredRegionsLayer.swift */ = {isa = PBXFileReference; lastKnownFileType = sourcecode.swift; path = ColoredRegionsLayer.swift; sourceTree = "<group>"; };
		7536A63E20CB2A0C00B32942 /* LinesLayer.swift */ = {isa = PBXFileReference; lastKnownFileType = sourcecode.swift; path = LinesLayer.swift; sourceTree = "<group>"; };
		7536A64020CB2A2400B32942 /* CurrentLineLayer.swift */ = {isa = PBXFileReference; lastKnownFileType = sourcecode.swift; path = CurrentLineLayer.swift; sourceTree = "<group>"; };
		7536A64320CB2DA600B32942 /* Line.swift */ = {isa = PBXFileReference; lastKnownFileType = sourcecode.swift; path = Line.swift; sourceTree = "<group>"; };
		CA714BB9B11185417789C616 /* Pods-RandomColorRegions.release.xcconfig */ = {isa = PBXFileReference; includeInIndex = 1; lastKnownFileType = text.xcconfig; name = "Pods-RandomColorRegions.release.xcconfig"; path = "Pods/Target Support Files/Pods-RandomColorRegions/Pods-RandomColorRegions.release.xcconfig"; sourceTree = "<group>"; };
/* End PBXFileReference section */

/* Begin PBXFrameworksBuildPhase section */
		7536A61420CB0F6C00B32942 /* Frameworks */ = {
			isa = PBXFrameworksBuildPhase;
			buildActionMask = 2147483647;
			files = (
				0CDAC0033BF6DADB5AF91F23 /* Pods_RandomColorRegions.framework in Frameworks */,
			);
			runOnlyForDeploymentPostprocessing = 0;
		};
/* End PBXFrameworksBuildPhase section */

/* Begin PBXGroup section */
		7536A60E20CB0F6C00B32942 = {
			isa = PBXGroup;
			children = (
				7536A61920CB0F6C00B32942 /* RandomColorRegions */,
				7536A61820CB0F6C00B32942 /* Products */,
				A78F2B944FEBF58F2834C05C /* Pods */,
				BA199529C94B35C0CF83D70F /* Frameworks */,
			);
			sourceTree = "<group>";
		};
		7536A61820CB0F6C00B32942 /* Products */ = {
			isa = PBXGroup;
			children = (
				7536A61720CB0F6C00B32942 /* RandomColorRegions.app */,
			);
			name = Products;
			sourceTree = "<group>";
		};
		7536A61920CB0F6C00B32942 /* RandomColorRegions */ = {
			isa = PBXGroup;
			children = (
				7536A64220CB2D9000B32942 /* Models */,
				7536A63820CB23B300B32942 /* Layers */,
				7536A63520CB166600B32942 /* Resources */,
				7536A63420CB164B00B32942 /* Utility Classes & Extensions */,
				7536A63320CB161400B32942 /* Views */,
				7536A63220CB15B800B32942 /* ViewControllers */,
				7536A61A20CB0F6C00B32942 /* AppDelegate.swift */,
			);
			path = RandomColorRegions;
			sourceTree = "<group>";
		};
		7536A63220CB15B800B32942 /* ViewControllers */ = {
			isa = PBXGroup;
			children = (
				7536A61C20CB0F6C00B32942 /* DrawingViewController.swift */,
				7536A63620CB1B6E00B32942 /* BaseViewController.swift */,
			);
			path = ViewControllers;
			sourceTree = "<group>";
		};
		7536A63320CB161400B32942 /* Views */ = {
			isa = PBXGroup;
			children = (
				7536A63020CB15B200B32942 /* DrawingView.swift */,
			);
			path = Views;
			sourceTree = "<group>";
		};
		7536A63420CB164B00B32942 /* Utility Classes & Extensions */ = {
			isa = PBXGroup;
			children = (
				7536A62E20CB115500B32942 /* SortedArray.swift */,
				7536A63920CB298900B32942 /* UIKitExtensions.swift */,
			);
			path = "Utility Classes & Extensions";
			sourceTree = "<group>";
		};
		7536A63520CB166600B32942 /* Resources */ = {
			isa = PBXGroup;
			children = (
				7536A62C20CB104B00B32942 /* Podfile */,
				7536A62120CB0F6F00B32942 /* Assets.xcassets */,
				7536A62620CB0F6F00B32942 /* Info.plist */,
			);
			path = Resources;
			sourceTree = "<group>";
		};
		7536A63820CB23B300B32942 /* Layers */ = {
			isa = PBXGroup;
			children = (
				7536A63C20CB29F500B32942 /* ColoredRegionsLayer.swift */,
				7536A63E20CB2A0C00B32942 /* LinesLayer.swift */,
				7536A64020CB2A2400B32942 /* CurrentLineLayer.swift */,
			);
			path = Layers;
			sourceTree = "<group>";
		};
		7536A64220CB2D9000B32942 /* Models */ = {
			isa = PBXGroup;
			children = (
				7536A64320CB2DA600B32942 /* Line.swift */,
			);
			path = Models;
			sourceTree = "<group>";
		};
		A78F2B944FEBF58F2834C05C /* Pods */ = {
			isa = PBXGroup;
			children = (
				28BD115BBB57FE7A30F24E36 /* Pods-RandomColorRegions.debug.xcconfig */,
				CA714BB9B11185417789C616 /* Pods-RandomColorRegions.release.xcconfig */,
			);
			name = Pods;
			sourceTree = "<group>";
		};
		BA199529C94B35C0CF83D70F /* Frameworks */ = {
			isa = PBXGroup;
			children = (
				15285F434F5B06FFC3870BE4 /* Pods_RandomColorRegions.framework */,
			);
			name = Frameworks;
			sourceTree = "<group>";
		};
/* End PBXGroup section */

/* Begin PBXNativeTarget section */
		7536A61620CB0F6C00B32942 /* RandomColorRegions */ = {
			isa = PBXNativeTarget;
			buildConfigurationList = 7536A62920CB0F6F00B32942 /* Build configuration list for PBXNativeTarget "RandomColorRegions" */;
			buildPhases = (
				2E21317920AE760DB47FD2AA /* [CP] Check Pods Manifest.lock */,
				7536A61320CB0F6C00B32942 /* Sources */,
				7536A61420CB0F6C00B32942 /* Frameworks */,
				7536A61520CB0F6C00B32942 /* Resources */,
				4998E556CF469590FF7AB81B /* [CP] Embed Pods Frameworks */,
			);
			buildRules = (
			);
			dependencies = (
			);
			name = RandomColorRegions;
			productName = RandomColorRegions;
			productReference = 7536A61720CB0F6C00B32942 /* RandomColorRegions.app */;
			productType = "com.apple.product-type.application";
		};
/* End PBXNativeTarget section */

/* Begin PBXProject section */
		7536A60F20CB0F6C00B32942 /* Project object */ = {
			isa = PBXProject;
			attributes = {
				LastSwiftUpdateCheck = 1000;
				LastUpgradeCheck = 1000;
				ORGANIZATIONNAME = "Benedek Kozma";
				TargetAttributes = {
					7536A61620CB0F6C00B32942 = {
						CreatedOnToolsVersion = 10.0;
					};
				};
			};
			buildConfigurationList = 7536A61220CB0F6C00B32942 /* Build configuration list for PBXProject "RandomColorRegions" */;
			compatibilityVersion = "Xcode 9.3";
			developmentRegion = en;
			hasScannedForEncodings = 0;
			knownRegions = (
				en,
				Base,
			);
			mainGroup = 7536A60E20CB0F6C00B32942;
			productRefGroup = 7536A61820CB0F6C00B32942 /* Products */;
			projectDirPath = "";
			projectRoot = "";
			targets = (
				7536A61620CB0F6C00B32942 /* RandomColorRegions */,
			);
		};
/* End PBXProject section */

/* Begin PBXResourcesBuildPhase section */
		7536A61520CB0F6C00B32942 /* Resources */ = {
			isa = PBXResourcesBuildPhase;
			buildActionMask = 2147483647;
			files = (
				7536A62220CB0F6F00B32942 /* Assets.xcassets in Resources */,
			);
			runOnlyForDeploymentPostprocessing = 0;
		};
/* End PBXResourcesBuildPhase section */

/* Begin PBXShellScriptBuildPhase section */
		2E21317920AE760DB47FD2AA /* [CP] Check Pods Manifest.lock */ = {
			isa = PBXShellScriptBuildPhase;
			buildActionMask = 2147483647;
			files = (
			);
			inputPaths = (
				"${PODS_PODFILE_DIR_PATH}/Podfile.lock",
				"${PODS_ROOT}/Manifest.lock",
			);
			name = "[CP] Check Pods Manifest.lock";
			outputPaths = (
				"$(DERIVED_FILE_DIR)/Pods-RandomColorRegions-checkManifestLockResult.txt",
			);
			runOnlyForDeploymentPostprocessing = 0;
			shellPath = /bin/sh;
			shellScript = "diff \"${PODS_PODFILE_DIR_PATH}/Podfile.lock\" \"${PODS_ROOT}/Manifest.lock\" > /dev/null\nif [ $? != 0 ] ; then\n    # print error to STDERR\n    echo \"error: The sandbox is not in sync with the Podfile.lock. Run 'pod install' or update your CocoaPods installation.\" >&2\n    exit 1\nfi\n# This output is used by Xcode 'outputs' to avoid re-running this script phase.\necho \"SUCCESS\" > \"${SCRIPT_OUTPUT_FILE_0}\"\n";
			showEnvVarsInLog = 0;
		};
		4998E556CF469590FF7AB81B /* [CP] Embed Pods Frameworks */ = {
			isa = PBXShellScriptBuildPhase;
			buildActionMask = 2147483647;
			files = (
			);
			inputPaths = (
				"${SRCROOT}/Pods/Target Support Files/Pods-RandomColorRegions/Pods-RandomColorRegions-frameworks.sh",
				"${PODS_ROOT}/Reveal-SDK/RevealServer-13/iOS/RevealServer.framework",
			);
			name = "[CP] Embed Pods Frameworks";
			outputPaths = (
				"${TARGET_BUILD_DIR}/${FRAMEWORKS_FOLDER_PATH}/RevealServer.framework",
			);
			runOnlyForDeploymentPostprocessing = 0;
			shellPath = /bin/sh;
			shellScript = "\"${SRCROOT}/Pods/Target Support Files/Pods-RandomColorRegions/Pods-RandomColorRegions-frameworks.sh\"\n";
			showEnvVarsInLog = 0;
		};
/* End PBXShellScriptBuildPhase section */

/* Begin PBXSourcesBuildPhase section */
		7536A61320CB0F6C00B32942 /* Sources */ = {
			isa = PBXSourcesBuildPhase;
			buildActionMask = 2147483647;
			files = (
				7536A63720CB1B6E00B32942 /* BaseViewController.swift in Sources */,
				7536A61D20CB0F6C00B32942 /* DrawingViewController.swift in Sources */,
				7536A63D20CB29F500B32942 /* ColoredRegionsLayer.swift in Sources */,
				7536A63F20CB2A0C00B32942 /* LinesLayer.swift in Sources */,
				7536A63B20CB298900B32942 /* UIKitExtensions.swift in Sources */,
				7536A62F20CB115500B32942 /* SortedArray.swift in Sources */,
				7536A61B20CB0F6C00B32942 /* AppDelegate.swift in Sources */,
				7536A64120CB2A2400B32942 /* CurrentLineLayer.swift in Sources */,
				7536A63120CB15B200B32942 /* DrawingView.swift in Sources */,
				7536A64420CB2DA600B32942 /* Line.swift in Sources */,
			);
			runOnlyForDeploymentPostprocessing = 0;
		};
/* End PBXSourcesBuildPhase section */

/* Begin PBXVariantGroup section */
		7536A63920CB298900B32942 /* UIKitExtensions.swift */ = {
			isa = PBXVariantGroup;
			children = (
				7536A63A20CB298900B32942 /* Base */,
			);
			name = UIKitExtensions.swift;
			sourceTree = "<group>";
		};
/* End PBXVariantGroup section */

/* Begin XCBuildConfiguration section */
		7536A62720CB0F6F00B32942 /* Debug */ = {
			isa = XCBuildConfiguration;
			buildSettings = {
				ALWAYS_SEARCH_USER_PATHS = NO;
				CLANG_ANALYZER_NONNULL = YES;
				CLANG_ANALYZER_NUMBER_OBJECT_CONVERSION = YES_AGGRESSIVE;
				CLANG_CXX_LANGUAGE_STANDARD = "gnu++14";
				CLANG_CXX_LIBRARY = "libc++";
				CLANG_ENABLE_MODULES = YES;
				CLANG_ENABLE_OBJC_ARC = YES;
				CLANG_ENABLE_OBJC_WEAK = YES;
				CLANG_WARN_BLOCK_CAPTURE_AUTORELEASING = YES;
				CLANG_WARN_BOOL_CONVERSION = YES;
				CLANG_WARN_COMMA = YES;
				CLANG_WARN_CONSTANT_CONVERSION = YES;
				CLANG_WARN_DEPRECATED_OBJC_IMPLEMENTATIONS = YES;
				CLANG_WARN_DIRECT_OBJC_ISA_USAGE = YES_ERROR;
				CLANG_WARN_DOCUMENTATION_COMMENTS = YES;
				CLANG_WARN_EMPTY_BODY = YES;
				CLANG_WARN_ENUM_CONVERSION = YES;
				CLANG_WARN_INFINITE_RECURSION = YES;
				CLANG_WARN_INT_CONVERSION = YES;
				CLANG_WARN_NON_LITERAL_NULL_CONVERSION = YES;
				CLANG_WARN_OBJC_IMPLICIT_RETAIN_SELF = YES;
				CLANG_WARN_OBJC_LITERAL_CONVERSION = YES;
				CLANG_WARN_OBJC_ROOT_CLASS = YES_ERROR;
				CLANG_WARN_RANGE_LOOP_ANALYSIS = YES;
				CLANG_WARN_STRICT_PROTOTYPES = YES;
				CLANG_WARN_SUSPICIOUS_MOVE = YES;
				CLANG_WARN_UNGUARDED_AVAILABILITY = YES_AGGRESSIVE;
				CLANG_WARN_UNREACHABLE_CODE = YES;
				CLANG_WARN__DUPLICATE_METHOD_MATCH = YES;
				CODE_SIGN_IDENTITY = "iPhone Developer";
				COPY_PHASE_STRIP = NO;
				DEBUG_INFORMATION_FORMAT = dwarf;
				ENABLE_STRICT_OBJC_MSGSEND = YES;
				ENABLE_TESTABILITY = YES;
				GCC_C_LANGUAGE_STANDARD = gnu11;
				GCC_DYNAMIC_NO_PIC = NO;
				GCC_NO_COMMON_BLOCKS = YES;
				GCC_OPTIMIZATION_LEVEL = 0;
				GCC_PREPROCESSOR_DEFINITIONS = (
					"DEBUG=1",
					"$(inherited)",
				);
				GCC_WARN_64_TO_32_BIT_CONVERSION = YES;
				GCC_WARN_ABOUT_RETURN_TYPE = YES_ERROR;
				GCC_WARN_UNDECLARED_SELECTOR = YES;
				GCC_WARN_UNINITIALIZED_AUTOS = YES_AGGRESSIVE;
				GCC_WARN_UNUSED_FUNCTION = YES;
				GCC_WARN_UNUSED_VARIABLE = YES;
				IPHONEOS_DEPLOYMENT_TARGET = 12.0;
				MTL_ENABLE_DEBUG_INFO = INCLUDE_SOURCE;
				ONLY_ACTIVE_ARCH = YES;
				SDKROOT = iphoneos;
				SWIFT_ACTIVE_COMPILATION_CONDITIONS = DEBUG;
				SWIFT_OPTIMIZATION_LEVEL = "-Onone";
			};
			name = Debug;
		};
		7536A62820CB0F6F00B32942 /* Release */ = {
			isa = XCBuildConfiguration;
			buildSettings = {
				ALWAYS_SEARCH_USER_PATHS = NO;
				CLANG_ANALYZER_NONNULL = YES;
				CLANG_ANALYZER_NUMBER_OBJECT_CONVERSION = YES_AGGRESSIVE;
				CLANG_CXX_LANGUAGE_STANDARD = "gnu++14";
				CLANG_CXX_LIBRARY = "libc++";
				CLANG_ENABLE_MODULES = YES;
				CLANG_ENABLE_OBJC_ARC = YES;
				CLANG_ENABLE_OBJC_WEAK = YES;
				CLANG_WARN_BLOCK_CAPTURE_AUTORELEASING = YES;
				CLANG_WARN_BOOL_CONVERSION = YES;
				CLANG_WARN_COMMA = YES;
				CLANG_WARN_CONSTANT_CONVERSION = YES;
				CLANG_WARN_DEPRECATED_OBJC_IMPLEMENTATIONS = YES;
				CLANG_WARN_DIRECT_OBJC_ISA_USAGE = YES_ERROR;
				CLANG_WARN_DOCUMENTATION_COMMENTS = YES;
				CLANG_WARN_EMPTY_BODY = YES;
				CLANG_WARN_ENUM_CONVERSION = YES;
				CLANG_WARN_INFINITE_RECURSION = YES;
				CLANG_WARN_INT_CONVERSION = YES;
				CLANG_WARN_NON_LITERAL_NULL_CONVERSION = YES;
				CLANG_WARN_OBJC_IMPLICIT_RETAIN_SELF = YES;
				CLANG_WARN_OBJC_LITERAL_CONVERSION = YES;
				CLANG_WARN_OBJC_ROOT_CLASS = YES_ERROR;
				CLANG_WARN_RANGE_LOOP_ANALYSIS = YES;
				CLANG_WARN_STRICT_PROTOTYPES = YES;
				CLANG_WARN_SUSPICIOUS_MOVE = YES;
				CLANG_WARN_UNGUARDED_AVAILABILITY = YES_AGGRESSIVE;
				CLANG_WARN_UNREACHABLE_CODE = YES;
				CLANG_WARN__DUPLICATE_METHOD_MATCH = YES;
				CODE_SIGN_IDENTITY = "iPhone Developer";
				COPY_PHASE_STRIP = NO;
				DEBUG_INFORMATION_FORMAT = "dwarf-with-dsym";
				ENABLE_NS_ASSERTIONS = NO;
				ENABLE_STRICT_OBJC_MSGSEND = YES;
				GCC_C_LANGUAGE_STANDARD = gnu11;
				GCC_NO_COMMON_BLOCKS = YES;
				GCC_WARN_64_TO_32_BIT_CONVERSION = YES;
				GCC_WARN_ABOUT_RETURN_TYPE = YES_ERROR;
				GCC_WARN_UNDECLARED_SELECTOR = YES;
				GCC_WARN_UNINITIALIZED_AUTOS = YES_AGGRESSIVE;
				GCC_WARN_UNUSED_FUNCTION = YES;
				GCC_WARN_UNUSED_VARIABLE = YES;
				IPHONEOS_DEPLOYMENT_TARGET = 12.0;
				MTL_ENABLE_DEBUG_INFO = NO;
				SDKROOT = iphoneos;
				SWIFT_COMPILATION_MODE = wholemodule;
				SWIFT_OPTIMIZATION_LEVEL = "-O";
				VALIDATE_PRODUCT = YES;
			};
			name = Release;
		};
		7536A62A20CB0F6F00B32942 /* Debug */ = {
			isa = XCBuildConfiguration;
			baseConfigurationReference = 28BD115BBB57FE7A30F24E36 /* Pods-RandomColorRegions.debug.xcconfig */;
			buildSettings = {
				ASSETCATALOG_COMPILER_APPICON_NAME = AppIcon;
				ASSETCATALOG_COMPILER_LAUNCHIMAGE_NAME = LaunchImage;
				CODE_SIGN_STYLE = Automatic;
				DEVELOPMENT_TEAM = V63P53K235;
				INFOPLIST_FILE = "$(SRCROOT)/RandomColorRegions/Resources/Info.plist";
				IPHONEOS_DEPLOYMENT_TARGET = 10.3;
				LD_RUNPATH_SEARCH_PATHS = (
					"$(inherited)",
					"@executable_path/Frameworks",
				);
				PRODUCT_BUNDLE_IDENTIFIER = hu.cyberbeni.RandomColorRegions;
				PRODUCT_NAME = "$(TARGET_NAME)";
				SWIFT_VERSION = 4.2;
				TARGETED_DEVICE_FAMILY = "1,2";
			};
			name = Debug;
		};
		7536A62B20CB0F6F00B32942 /* Release */ = {
			isa = XCBuildConfiguration;
			baseConfigurationReference = CA714BB9B11185417789C616 /* Pods-RandomColorRegions.release.xcconfig */;
			buildSettings = {
				ASSETCATALOG_COMPILER_APPICON_NAME = AppIcon;
				ASSETCATALOG_COMPILER_LAUNCHIMAGE_NAME = LaunchImage;
				CODE_SIGN_STYLE = Automatic;
				DEVELOPMENT_TEAM = V63P53K235;
				INFOPLIST_FILE = "$(SRCROOT)/RandomColorRegions/Resources/Info.plist";
				IPHONEOS_DEPLOYMENT_TARGET = 10.3;
				LD_RUNPATH_SEARCH_PATHS = (
					"$(inherited)",
					"@executable_path/Frameworks",
				);
				PRODUCT_BUNDLE_IDENTIFIER = hu.cyberbeni.RandomColorRegions;
				PRODUCT_NAME = "$(TARGET_NAME)";
				SWIFT_VERSION = 4.2;
				TARGETED_DEVICE_FAMILY = "1,2";
			};
			name = Release;
		};
/* End XCBuildConfiguration section */

/* Begin XCConfigurationList section */
		7536A61220CB0F6C00B32942 /* Build configuration list for PBXProject "RandomColorRegions" */ = {
			isa = XCConfigurationList;
			buildConfigurations = (
				7536A62720CB0F6F00B32942 /* Debug */,
				7536A62820CB0F6F00B32942 /* Release */,
			);
			defaultConfigurationIsVisible = 0;
			defaultConfigurationName = Release;
		};
		7536A62920CB0F6F00B32942 /* Build configuration list for PBXNativeTarget "RandomColorRegions" */ = {
			isa = XCConfigurationList;
			buildConfigurations = (
				7536A62A20CB0F6F00B32942 /* Debug */,
				7536A62B20CB0F6F00B32942 /* Release */,
			);
			defaultConfigurationIsVisible = 0;
			defaultConfigurationName = Release;
		};
/* End XCConfigurationList section */
	};
	rootObject = 7536A60F20CB0F6C00B32942 /* Project object */;
}
